// !$*UTF8*$!
{
	archiveVersion = 1;
	classes = {
	};
	objectVersion = 46;
	objects = {

/* Begin PBXBuildFile section */
		5D05CD0215A59E1F0011A165 /* RouteManagedObject.m in Sources */ = {isa = PBXBuildFile; fileRef = 5D05CD0115A59E1F0011A165 /* RouteManagedObject.m */; };
		5D05F316154ACA7F004E7773 /* StopRecord.m in Sources */ = {isa = PBXBuildFile; fileRef = 5D05F315154ACA7F004E7773 /* StopRecord.m */; };
		5D05F317154ACA7F004E7773 /* StopRecord.m in Sources */ = {isa = PBXBuildFile; fileRef = 5D05F315154ACA7F004E7773 /* StopRecord.m */; };
		5D17FB261605F44100D77A9B /* SearchBarBackground.png in Resources */ = {isa = PBXBuildFile; fileRef = 5D17FB241605F44100D77A9B /* SearchBarBackground.png */; };
		5D17FB271605F44100D77A9B /* SearchBarBackground@2x.png in Resources */ = {isa = PBXBuildFile; fileRef = 5D17FB251605F44100D77A9B /* SearchBarBackground@2x.png */; };
		5D1B5EE71605AA8500149AC0 /* NSArray+Random.m in Sources */ = {isa = PBXBuildFile; fileRef = 5D1B5EE61605AA8500149AC0 /* NSArray+Random.m */; };
		5D1B5F1C1605BA8800149AC0 /* Default.png in Resources */ = {isa = PBXBuildFile; fileRef = 5D1B5F1A1605BA8800149AC0 /* Default.png */; };
		5D1B5F1D1605BA8800149AC0 /* Default@2x.png in Resources */ = {isa = PBXBuildFile; fileRef = 5D1B5F1B1605BA8800149AC0 /* Default@2x.png */; };
		5D2BFDBB1547F3B400D9F53E /* RouteIndexViewController.m in Sources */ = {isa = PBXBuildFile; fileRef = 5D2BFDBA1547F3B400D9F53E /* RouteIndexViewController.m */; };
		5D2BFDBC1547F3B400D9F53E /* RouteIndexViewController.m in Sources */ = {isa = PBXBuildFile; fileRef = 5D2BFDBA1547F3B400D9F53E /* RouteIndexViewController.m */; };
		5D4CA1BA15FE276600915A70 /* RouteShowViewControllerItem.m in Sources */ = {isa = PBXBuildFile; fileRef = 5D4CA1B915FE276600915A70 /* RouteShowViewControllerItem.m */; };
		5D4CB10B15F31B640059784A /* Icon.png in Resources */ = {isa = PBXBuildFile; fileRef = 5D4CB10915F31B640059784A /* Icon.png */; };
		5D4CB10C15F31B640059784A /* Icon@2x.png in Resources */ = {isa = PBXBuildFile; fileRef = 5D4CB10A15F31B640059784A /* Icon@2x.png */; };
		5D4CB11C15F31DD00059784A /* Strings.m in Sources */ = {isa = PBXBuildFile; fileRef = 5D4CB11B15F31DD00059784A /* Strings.m */; };
		5D54CDFA15668DA1005D0170 /* NSObject+KVOSEL.m in Sources */ = {isa = PBXBuildFile; fileRef = 5D54CDF915668DA1005D0170 /* NSObject+KVOSEL.m */; };
		5D5CA6441604DAF10006D433 /* RouteNewViewController.m in Sources */ = {isa = PBXBuildFile; fileRef = 5D5CA6431604DAF10006D433 /* RouteNewViewController.m */; };
		5D5CA6581605A04B0006D433 /* BusGray.png in Resources */ = {isa = PBXBuildFile; fileRef = 5D5CA6541605A04B0006D433 /* BusGray.png */; };
		5D5CA6591605A04B0006D433 /* BusGray@2x.png in Resources */ = {isa = PBXBuildFile; fileRef = 5D5CA6551605A04B0006D433 /* BusGray@2x.png */; };
		5D5CA65A1605A04B0006D433 /* BusGreen.png in Resources */ = {isa = PBXBuildFile; fileRef = 5D5CA6561605A04B0006D433 /* BusGreen.png */; };
		5D5CA65B1605A04B0006D433 /* BusGreen@2x.png in Resources */ = {isa = PBXBuildFile; fileRef = 5D5CA6571605A04B0006D433 /* BusGreen@2x.png */; };
		5D5CA65E1605A16B0006D433 /* BusWhite.png in Resources */ = {isa = PBXBuildFile; fileRef = 5D5CA65C1605A16B0006D433 /* BusWhite.png */; };
		5D5CA65F1605A16B0006D433 /* BusWhite@2x.png in Resources */ = {isa = PBXBuildFile; fileRef = 5D5CA65D1605A16B0006D433 /* BusWhite@2x.png */; };
		5D7D8A831568C5D0004DFB54 /* BackgroundNotifier.m in Sources */ = {isa = PBXBuildFile; fileRef = 5D7D8A821568C5D0004DFB54 /* BackgroundNotifier.m */; };
		5D864EDB15B55CD4007ADCA8 /* DirectionRecord.m in Sources */ = {isa = PBXBuildFile; fileRef = 5D864EDA15B55CD4007ADCA8 /* DirectionRecord.m */; };
		5D864EDE15B564C9007ADCA8 /* DirectionManagedObject.m in Sources */ = {isa = PBXBuildFile; fileRef = 5D864EDD15B564C9007ADCA8 /* DirectionManagedObject.m */; };
		5D9AAB1615ADAE8C00E2E077 /* DataManager.m in Sources */ = {isa = PBXBuildFile; fileRef = 5D9AAB1515ADAE8C00E2E077 /* DataManager.m */; };
		5D9AAB1915ADAFBE00E2E077 /* CoreData.framework in Frameworks */ = {isa = PBXBuildFile; fileRef = 5D9AAB1815ADAFBE00E2E077 /* CoreData.framework */; };
		5D9AAB1C15ADB11600E2E077 /* NextStop.xcdatamodeld in Sources */ = {isa = PBXBuildFile; fileRef = 5D9AAB1A15ADB11600E2E077 /* NextStop.xcdatamodeld */; };
		5DA15B22154ED00800FCEE13 /* Localizable.strings in Resources */ = {isa = PBXBuildFile; fileRef = 5DA15B21154ED00800FCEE13 /* Localizable.strings */; };
		5DA37E8B15EA25ED0090FDB0 /* RouteShowViewController.m in Sources */ = {isa = PBXBuildFile; fileRef = 5DA37E8A15EA25ED0090FDB0 /* RouteShowViewController.m */; };
		5DA37E8F15EA262D0090FDB0 /* DirectionShowViewController.m in Sources */ = {isa = PBXBuildFile; fileRef = 5DA37E8E15EA262D0090FDB0 /* DirectionShowViewController.m */; };
		5DA3A3BD16043DD0003229B0 /* DestinationManagedObject.m in Sources */ = {isa = PBXBuildFile; fileRef = 5DA3A3BC16043DD0003229B0 /* DestinationManagedObject.m */; };
		5DA3A3C016043F13003229B0 /* DestinationAnnotationView.m in Sources */ = {isa = PBXBuildFile; fileRef = 5DA3A3BF16043F13003229B0 /* DestinationAnnotationView.m */; };
		5DA512B215F1E5F600EF91DC /* RouteRecordCell.xib in Resources */ = {isa = PBXBuildFile; fileRef = 5DA512B115F1E5F600EF91DC /* RouteRecordCell.xib */; };
		5DA512B615F1E62A00EF91DC /* RouteRecordCell.m in Sources */ = {isa = PBXBuildFile; fileRef = 5DA512B515F1E62A00EF91DC /* RouteRecordCell.m */; };
		5DA866A81556C25E00FB1ACF /* RouteRecord.m in Sources */ = {isa = PBXBuildFile; fileRef = 5DA866A71556C25E00FB1ACF /* RouteRecord.m */; };
		5DA866A91556C25E00FB1ACF /* RouteRecord.m in Sources */ = {isa = PBXBuildFile; fileRef = 5DA866A71556C25E00FB1ACF /* RouteRecord.m */; };
		5DAA1EFD15EF93D000BB3A71 /* RouteCell.xib in Resources */ = {isa = PBXBuildFile; fileRef = 5DAA1EFC15EF93D000BB3A71 /* RouteCell.xib */; };
		5DAA1F0115EF94FB00BB3A71 /* RouteCell.m in Sources */ = {isa = PBXBuildFile; fileRef = 5DAA1F0015EF94FB00BB3A71 /* RouteCell.m */; };
		5DB0AE101578C83E00D43B2E /* Taringa.gpx in Resources */ = {isa = PBXBuildFile; fileRef = 5DB0AE0E1578C83E00D43B2E /* Taringa.gpx */; };
		5DB0AE111578C83E00D43B2E /* Toowoong.gpx in Resources */ = {isa = PBXBuildFile; fileRef = 5DB0AE0F1578C83E00D43B2E /* Toowoong.gpx */; };
		5DB59C7F1546C8E500417818 /* UIKit.framework in Frameworks */ = {isa = PBXBuildFile; fileRef = 5DB59C7E1546C8E500417818 /* UIKit.framework */; };
		5DB59C811546C8E500417818 /* Foundation.framework in Frameworks */ = {isa = PBXBuildFile; fileRef = 5DB59C801546C8E500417818 /* Foundation.framework */; };
		5DB59C831546C8E500417818 /* CoreGraphics.framework in Frameworks */ = {isa = PBXBuildFile; fileRef = 5DB59C821546C8E500417818 /* CoreGraphics.framework */; };
		5DB59C891546C8E500417818 /* InfoPlist.strings in Resources */ = {isa = PBXBuildFile; fileRef = 5DB59C871546C8E500417818 /* InfoPlist.strings */; };
		5DB59C8B1546C8E500417818 /* main.m in Sources */ = {isa = PBXBuildFile; fileRef = 5DB59C8A1546C8E500417818 /* main.m */; };
		5DB59C8F1546C8E500417818 /* AppDelegate.m in Sources */ = {isa = PBXBuildFile; fileRef = 5DB59C8E1546C8E500417818 /* AppDelegate.m */; };
		5DB59C971546C8E500417818 /* SenTestingKit.framework in Frameworks */ = {isa = PBXBuildFile; fileRef = 5DB59C961546C8E500417818 /* SenTestingKit.framework */; };
		5DB59C981546C8E500417818 /* UIKit.framework in Frameworks */ = {isa = PBXBuildFile; fileRef = 5DB59C7E1546C8E500417818 /* UIKit.framework */; };
		5DB59C991546C8E500417818 /* Foundation.framework in Frameworks */ = {isa = PBXBuildFile; fileRef = 5DB59C801546C8E500417818 /* Foundation.framework */; };
		5DB59CA11546C8E500417818 /* InfoPlist.strings in Resources */ = {isa = PBXBuildFile; fileRef = 5DB59C9F1546C8E500417818 /* InfoPlist.strings */; };
		5DB59CB21546CA7B00417818 /* MapKit.framework in Frameworks */ = {isa = PBXBuildFile; fileRef = 5DB59CB11546CA7B00417818 /* MapKit.framework */; };
		5DB59CBC1546D21200417818 /* CoreLocation.framework in Frameworks */ = {isa = PBXBuildFile; fileRef = 5DB59CBB1546D21200417818 /* CoreLocation.framework */; };
		5DB59CE91547B5F500417818 /* libsqlite3.0.dylib in Frameworks */ = {isa = PBXBuildFile; fileRef = 5DB59CE81547B5F500417818 /* libsqlite3.0.dylib */; };
		5DB9257F1600B0EE00AE27C3 /* ModalSearchDisplayController.m in Sources */ = {isa = PBXBuildFile; fileRef = 5DB9257E1600B0ED00AE27C3 /* ModalSearchDisplayController.m */; };
		5DBDD34715B83A74001287AB /* Indooroopilly.gpx in Resources */ = {isa = PBXBuildFile; fileRef = 5DBDD34615B83A74001287AB /* Indooroopilly.gpx */; };
		5DBDD34A15B83A7F001287AB /* Brisbane.gpx in Resources */ = {isa = PBXBuildFile; fileRef = 5DBDD34915B83A7F001287AB /* Brisbane.gpx */; };
		5DCFB37415611AED0036B36A /* ProximityCenter.m in Sources */ = {isa = PBXBuildFile; fileRef = 5DCFB37315611AED0036B36A /* ProximityCenter.m */; };
		5DCFB37715611B070036B36A /* Proximity.m in Sources */ = {isa = PBXBuildFile; fileRef = 5DCFB37615611B070036B36A /* Proximity.m */; };
		5DD523FE1547FF7C00011A3E /* SQLiteDB.m in Sources */ = {isa = PBXBuildFile; fileRef = 5DD523FD1547FF7C00011A3E /* SQLiteDB.m */; };
		5DD523FF1547FF7C00011A3E /* SQLiteDB.m in Sources */ = {isa = PBXBuildFile; fileRef = 5DD523FD1547FF7C00011A3E /* SQLiteDB.m */; };
		5DD52407154800BC00011A3E /* NextStop.sqlite in Resources */ = {isa = PBXBuildFile; fileRef = 5DD52406154800BC00011A3E /* NextStop.sqlite */; };
		5DF2645215BAD5BF00FD2E6B /* NSObject+MKMapViewDelegate.m in Sources */ = {isa = PBXBuildFile; fileRef = 5DF2645115BAD5BF00FD2E6B /* NSObject+MKMapViewDelegate.m */; };
		5DF5F20715BB95E8006B0882 /* StopAnnotationView.m in Sources */ = {isa = PBXBuildFile; fileRef = 5DF5F20615BB95E8006B0882 /* StopAnnotationView.m */; };
/* End PBXBuildFile section */

/* Begin PBXContainerItemProxy section */
		5DB59C9A1546C8E500417818 /* PBXContainerItemProxy */ = {
			isa = PBXContainerItemProxy;
			containerPortal = 5DB59C711546C8E500417818 /* Project object */;
			proxyType = 1;
			remoteGlobalIDString = 5DB59C791546C8E500417818;
			remoteInfo = NextStop;
		};
/* End PBXContainerItemProxy section */

/* Begin PBXFileReference section */
		5D05CD0015A59E1F0011A165 /* RouteManagedObject.h */ = {isa = PBXFileReference; fileEncoding = 4; lastKnownFileType = sourcecode.c.h; path = RouteManagedObject.h; sourceTree = "<group>"; };
		5D05CD0115A59E1F0011A165 /* RouteManagedObject.m */ = {isa = PBXFileReference; fileEncoding = 4; lastKnownFileType = sourcecode.c.objc; path = RouteManagedObject.m; sourceTree = "<group>"; };
		5D05F314154ACA7F004E7773 /* StopRecord.h */ = {isa = PBXFileReference; fileEncoding = 4; lastKnownFileType = sourcecode.c.h; path = StopRecord.h; sourceTree = "<group>"; };
		5D05F315154ACA7F004E7773 /* StopRecord.m */ = {isa = PBXFileReference; fileEncoding = 4; lastKnownFileType = sourcecode.c.objc; path = StopRecord.m; sourceTree = "<group>"; };
		5D17FB241605F44100D77A9B /* SearchBarBackground.png */ = {isa = PBXFileReference; lastKnownFileType = image.png; path = SearchBarBackground.png; sourceTree = "<group>"; };
		5D17FB251605F44100D77A9B /* SearchBarBackground@2x.png */ = {isa = PBXFileReference; lastKnownFileType = image.png; path = "SearchBarBackground@2x.png"; sourceTree = "<group>"; };
		5D1B5EE51605AA8500149AC0 /* NSArray+Random.h */ = {isa = PBXFileReference; fileEncoding = 4; lastKnownFileType = sourcecode.c.h; path = "NSArray+Random.h"; sourceTree = "<group>"; };
		5D1B5EE61605AA8500149AC0 /* NSArray+Random.m */ = {isa = PBXFileReference; fileEncoding = 4; lastKnownFileType = sourcecode.c.objc; path = "NSArray+Random.m"; sourceTree = "<group>"; };
		5D1B5F1A1605BA8800149AC0 /* Default.png */ = {isa = PBXFileReference; lastKnownFileType = image.png; path = Default.png; sourceTree = "<group>"; };
		5D1B5F1B1605BA8800149AC0 /* Default@2x.png */ = {isa = PBXFileReference; lastKnownFileType = image.png; path = "Default@2x.png"; sourceTree = "<group>"; };
		5D2BFDB91547F3B400D9F53E /* RouteIndexViewController.h */ = {isa = PBXFileReference; fileEncoding = 4; lastKnownFileType = sourcecode.c.h; path = RouteIndexViewController.h; sourceTree = "<group>"; };
		5D2BFDBA1547F3B400D9F53E /* RouteIndexViewController.m */ = {isa = PBXFileReference; fileEncoding = 4; lastKnownFileType = sourcecode.c.objc; path = RouteIndexViewController.m; sourceTree = "<group>"; };
		5D4CA1B615FE1CAB00915A70 /* RouteShowViewControllerItem.h */ = {isa = PBXFileReference; fileEncoding = 4; lastKnownFileType = sourcecode.c.h; path = RouteShowViewControllerItem.h; sourceTree = "<group>"; };
		5D4CA1B915FE276600915A70 /* RouteShowViewControllerItem.m */ = {isa = PBXFileReference; fileEncoding = 4; lastKnownFileType = sourcecode.c.objc; path = RouteShowViewControllerItem.m; sourceTree = "<group>"; };
		5D4CB10915F31B640059784A /* Icon.png */ = {isa = PBXFileReference; lastKnownFileType = image.png; path = Icon.png; sourceTree = "<group>"; };
		5D4CB10A15F31B640059784A /* Icon@2x.png */ = {isa = PBXFileReference; lastKnownFileType = image.png; path = "Icon@2x.png"; sourceTree = "<group>"; };
		5D4CB11A15F31DD00059784A /* Strings.h */ = {isa = PBXFileReference; fileEncoding = 4; lastKnownFileType = sourcecode.c.h; path = Strings.h; sourceTree = "<group>"; };
		5D4CB11B15F31DD00059784A /* Strings.m */ = {isa = PBXFileReference; fileEncoding = 4; lastKnownFileType = sourcecode.c.objc; path = Strings.m; sourceTree = "<group>"; };
		5D54CDF815668DA1005D0170 /* NSObject+KVOSEL.h */ = {isa = PBXFileReference; fileEncoding = 4; lastKnownFileType = sourcecode.c.h; path = "NSObject+KVOSEL.h"; sourceTree = "<group>"; };
		5D54CDF915668DA1005D0170 /* NSObject+KVOSEL.m */ = {isa = PBXFileReference; fileEncoding = 4; lastKnownFileType = sourcecode.c.objc; path = "NSObject+KVOSEL.m"; sourceTree = "<group>"; };
		5D5CA6421604DAF10006D433 /* RouteNewViewController.h */ = {isa = PBXFileReference; fileEncoding = 4; lastKnownFileType = sourcecode.c.h; path = RouteNewViewController.h; sourceTree = "<group>"; };
		5D5CA6431604DAF10006D433 /* RouteNewViewController.m */ = {isa = PBXFileReference; fileEncoding = 4; lastKnownFileType = sourcecode.c.objc; path = RouteNewViewController.m; sourceTree = "<group>"; };
		5D5CA6541605A04B0006D433 /* BusGray.png */ = {isa = PBXFileReference; lastKnownFileType = image.png; path = BusGray.png; sourceTree = "<group>"; };
		5D5CA6551605A04B0006D433 /* BusGray@2x.png */ = {isa = PBXFileReference; lastKnownFileType = image.png; path = "BusGray@2x.png"; sourceTree = "<group>"; };
		5D5CA6561605A04B0006D433 /* BusGreen.png */ = {isa = PBXFileReference; lastKnownFileType = image.png; path = BusGreen.png; sourceTree = "<group>"; };
		5D5CA6571605A04B0006D433 /* BusGreen@2x.png */ = {isa = PBXFileReference; lastKnownFileType = image.png; path = "BusGreen@2x.png"; sourceTree = "<group>"; };
		5D5CA65C1605A16B0006D433 /* BusWhite.png */ = {isa = PBXFileReference; lastKnownFileType = image.png; path = BusWhite.png; sourceTree = "<group>"; };
		5D5CA65D1605A16B0006D433 /* BusWhite@2x.png */ = {isa = PBXFileReference; lastKnownFileType = image.png; path = "BusWhite@2x.png"; sourceTree = "<group>"; };
		5D7D8A811568C5D0004DFB54 /* BackgroundNotifier.h */ = {isa = PBXFileReference; fileEncoding = 4; lastKnownFileType = sourcecode.c.h; path = BackgroundNotifier.h; sourceTree = "<group>"; };
		5D7D8A821568C5D0004DFB54 /* BackgroundNotifier.m */ = {isa = PBXFileReference; fileEncoding = 4; lastKnownFileType = sourcecode.c.objc; path = BackgroundNotifier.m; sourceTree = "<group>"; };
		5D864ED915B55CD4007ADCA8 /* DirectionRecord.h */ = {isa = PBXFileReference; fileEncoding = 4; lastKnownFileType = sourcecode.c.h; path = DirectionRecord.h; sourceTree = "<group>"; };
		5D864EDA15B55CD4007ADCA8 /* DirectionRecord.m */ = {isa = PBXFileReference; fileEncoding = 4; lastKnownFileType = sourcecode.c.objc; path = DirectionRecord.m; sourceTree = "<group>"; };
		5D864EDC15B564C9007ADCA8 /* DirectionManagedObject.h */ = {isa = PBXFileReference; fileEncoding = 4; lastKnownFileType = sourcecode.c.h; path = DirectionManagedObject.h; sourceTree = "<group>"; };
		5D864EDD15B564C9007ADCA8 /* DirectionManagedObject.m */ = {isa = PBXFileReference; fileEncoding = 4; lastKnownFileType = sourcecode.c.objc; path = DirectionManagedObject.m; sourceTree = "<group>"; };
		5D9AAB1415ADAE8C00E2E077 /* DataManager.h */ = {isa = PBXFileReference; fileEncoding = 4; lastKnownFileType = sourcecode.c.h; path = DataManager.h; sourceTree = "<group>"; };
		5D9AAB1515ADAE8C00E2E077 /* DataManager.m */ = {isa = PBXFileReference; fileEncoding = 4; lastKnownFileType = sourcecode.c.objc; path = DataManager.m; sourceTree = "<group>"; };
		5D9AAB1815ADAFBE00E2E077 /* CoreData.framework */ = {isa = PBXFileReference; lastKnownFileType = wrapper.framework; name = CoreData.framework; path = System/Library/Frameworks/CoreData.framework; sourceTree = SDKROOT; };
		5D9AAB1B15ADB11600E2E077 /* NextStop.xcdatamodel */ = {isa = PBXFileReference; lastKnownFileType = wrapper.xcdatamodel; path = NextStop.xcdatamodel; sourceTree = "<group>"; };
		5DA15B21154ED00800FCEE13 /* Localizable.strings */ = {isa = PBXFileReference; fileEncoding = 4; lastKnownFileType = text.plist.strings; path = Localizable.strings; sourceTree = "<group>"; };
		5DA37E8915EA25ED0090FDB0 /* RouteShowViewController.h */ = {isa = PBXFileReference; fileEncoding = 4; lastKnownFileType = sourcecode.c.h; path = RouteShowViewController.h; sourceTree = "<group>"; };
		5DA37E8A15EA25ED0090FDB0 /* RouteShowViewController.m */ = {isa = PBXFileReference; fileEncoding = 4; lastKnownFileType = sourcecode.c.objc; path = RouteShowViewController.m; sourceTree = "<group>"; };
		5DA37E8D15EA262D0090FDB0 /* DirectionShowViewController.h */ = {isa = PBXFileReference; fileEncoding = 4; lastKnownFileType = sourcecode.c.h; path = DirectionShowViewController.h; sourceTree = "<group>"; };
		5DA37E8E15EA262D0090FDB0 /* DirectionShowViewController.m */ = {isa = PBXFileReference; fileEncoding = 4; lastKnownFileType = sourcecode.c.objc; path = DirectionShowViewController.m; sourceTree = "<group>"; };
		5DA3A3BB16043DD0003229B0 /* DestinationManagedObject.h */ = {isa = PBXFileReference; fileEncoding = 4; lastKnownFileType = sourcecode.c.h; path = DestinationManagedObject.h; sourceTree = "<group>"; };
		5DA3A3BC16043DD0003229B0 /* DestinationManagedObject.m */ = {isa = PBXFileReference; fileEncoding = 4; lastKnownFileType = sourcecode.c.objc; path = DestinationManagedObject.m; sourceTree = "<group>"; };
		5DA3A3BE16043F13003229B0 /* DestinationAnnotationView.h */ = {isa = PBXFileReference; fileEncoding = 4; lastKnownFileType = sourcecode.c.h; path = DestinationAnnotationView.h; sourceTree = "<group>"; };
		5DA3A3BF16043F13003229B0 /* DestinationAnnotationView.m */ = {isa = PBXFileReference; fileEncoding = 4; lastKnownFileType = sourcecode.c.objc; path = DestinationAnnotationView.m; sourceTree = "<group>"; };
		5DA3A3D116045351003229B0 /* Haversin.h */ = {isa = PBXFileReference; lastKnownFileType = sourcecode.c.h; path = Haversin.h; sourceTree = "<group>"; };
		5DA512B115F1E5F600EF91DC /* RouteRecordCell.xib */ = {isa = PBXFileReference; fileEncoding = 4; lastKnownFileType = file.xib; path = RouteRecordCell.xib; sourceTree = "<group>"; };
		5DA512B415F1E62A00EF91DC /* RouteRecordCell.h */ = {isa = PBXFileReference; fileEncoding = 4; lastKnownFileType = sourcecode.c.h; path = RouteRecordCell.h; sourceTree = "<group>"; };
		5DA512B515F1E62A00EF91DC /* RouteRecordCell.m */ = {isa = PBXFileReference; fileEncoding = 4; lastKnownFileType = sourcecode.c.objc; path = RouteRecordCell.m; sourceTree = "<group>"; };
		5DA866A61556C25E00FB1ACF /* RouteRecord.h */ = {isa = PBXFileReference; fileEncoding = 4; lastKnownFileType = sourcecode.c.h; path = RouteRecord.h; sourceTree = "<group>"; };
		5DA866A71556C25E00FB1ACF /* RouteRecord.m */ = {isa = PBXFileReference; fileEncoding = 4; lastKnownFileType = sourcecode.c.objc; path = RouteRecord.m; sourceTree = "<group>"; };
		5DAA1EFC15EF93D000BB3A71 /* RouteCell.xib */ = {isa = PBXFileReference; fileEncoding = 4; lastKnownFileType = file.xib; path = RouteCell.xib; sourceTree = "<group>"; };
		5DAA1EFF15EF94FB00BB3A71 /* RouteCell.h */ = {isa = PBXFileReference; fileEncoding = 4; lastKnownFileType = sourcecode.c.h; path = RouteCell.h; sourceTree = "<group>"; };
		5DAA1F0015EF94FB00BB3A71 /* RouteCell.m */ = {isa = PBXFileReference; fileEncoding = 4; lastKnownFileType = sourcecode.c.objc; path = RouteCell.m; sourceTree = "<group>"; };
		5DB0AE0E1578C83E00D43B2E /* Taringa.gpx */ = {isa = PBXFileReference; fileEncoding = 4; lastKnownFileType = text.xml; path = Taringa.gpx; sourceTree = "<group>"; };
		5DB0AE0F1578C83E00D43B2E /* Toowoong.gpx */ = {isa = PBXFileReference; fileEncoding = 4; lastKnownFileType = text.xml; path = Toowoong.gpx; sourceTree = "<group>"; };
		5DB59C7A1546C8E500417818 /* NextStop.app */ = {isa = PBXFileReference; explicitFileType = wrapper.application; includeInIndex = 0; path = NextStop.app; sourceTree = BUILT_PRODUCTS_DIR; };
		5DB59C7E1546C8E500417818 /* UIKit.framework */ = {isa = PBXFileReference; lastKnownFileType = wrapper.framework; name = UIKit.framework; path = System/Library/Frameworks/UIKit.framework; sourceTree = SDKROOT; };
		5DB59C801546C8E500417818 /* Foundation.framework */ = {isa = PBXFileReference; lastKnownFileType = wrapper.framework; name = Foundation.framework; path = System/Library/Frameworks/Foundation.framework; sourceTree = SDKROOT; };
		5DB59C821546C8E500417818 /* CoreGraphics.framework */ = {isa = PBXFileReference; lastKnownFileType = wrapper.framework; name = CoreGraphics.framework; path = System/Library/Frameworks/CoreGraphics.framework; sourceTree = SDKROOT; };
		5DB59C861546C8E500417818 /* NextStop-Info.plist */ = {isa = PBXFileReference; lastKnownFileType = text.plist.xml; path = "NextStop-Info.plist"; sourceTree = "<group>"; };
		5DB59C881546C8E500417818 /* en */ = {isa = PBXFileReference; lastKnownFileType = text.plist.strings; name = en; path = en.lproj/InfoPlist.strings; sourceTree = "<group>"; };
		5DB59C8A1546C8E500417818 /* main.m */ = {isa = PBXFileReference; lastKnownFileType = sourcecode.c.objc; path = main.m; sourceTree = "<group>"; };
		5DB59C8C1546C8E500417818 /* NextStop-Prefix.pch */ = {isa = PBXFileReference; lastKnownFileType = sourcecode.c.h; path = "NextStop-Prefix.pch"; sourceTree = "<group>"; };
		5DB59C8D1546C8E500417818 /* AppDelegate.h */ = {isa = PBXFileReference; lastKnownFileType = sourcecode.c.h; path = AppDelegate.h; sourceTree = "<group>"; };
		5DB59C8E1546C8E500417818 /* AppDelegate.m */ = {isa = PBXFileReference; lastKnownFileType = sourcecode.c.objc; path = AppDelegate.m; sourceTree = "<group>"; };
		5DB59C951546C8E500417818 /* NextStopTests.octest */ = {isa = PBXFileReference; explicitFileType = wrapper.cfbundle; includeInIndex = 0; path = NextStopTests.octest; sourceTree = BUILT_PRODUCTS_DIR; };
		5DB59C961546C8E500417818 /* SenTestingKit.framework */ = {isa = PBXFileReference; lastKnownFileType = wrapper.framework; name = SenTestingKit.framework; path = Library/Frameworks/SenTestingKit.framework; sourceTree = DEVELOPER_DIR; };
		5DB59C9E1546C8E500417818 /* NextStopTests-Info.plist */ = {isa = PBXFileReference; lastKnownFileType = text.plist.xml; path = "NextStopTests-Info.plist"; sourceTree = "<group>"; };
		5DB59CA01546C8E500417818 /* en */ = {isa = PBXFileReference; lastKnownFileType = text.plist.strings; name = en; path = en.lproj/InfoPlist.strings; sourceTree = "<group>"; };
		5DB59CB11546CA7B00417818 /* MapKit.framework */ = {isa = PBXFileReference; lastKnownFileType = wrapper.framework; name = MapKit.framework; path = System/Library/Frameworks/MapKit.framework; sourceTree = SDKROOT; };
		5DB59CBB1546D21200417818 /* CoreLocation.framework */ = {isa = PBXFileReference; lastKnownFileType = wrapper.framework; name = CoreLocation.framework; path = System/Library/Frameworks/CoreLocation.framework; sourceTree = SDKROOT; };
		5DB59CE81547B5F500417818 /* libsqlite3.0.dylib */ = {isa = PBXFileReference; lastKnownFileType = "compiled.mach-o.dylib"; name = libsqlite3.0.dylib; path = usr/lib/libsqlite3.0.dylib; sourceTree = SDKROOT; };
		5DB9257D1600B0ED00AE27C3 /* ModalSearchDisplayController.h */ = {isa = PBXFileReference; fileEncoding = 4; lastKnownFileType = sourcecode.c.h; path = ModalSearchDisplayController.h; sourceTree = "<group>"; };
		5DB9257E1600B0ED00AE27C3 /* ModalSearchDisplayController.m */ = {isa = PBXFileReference; fileEncoding = 4; lastKnownFileType = sourcecode.c.objc; path = ModalSearchDisplayController.m; sourceTree = "<group>"; };
		5DBDD34615B83A74001287AB /* Indooroopilly.gpx */ = {isa = PBXFileReference; fileEncoding = 4; lastKnownFileType = text.xml; path = Indooroopilly.gpx; sourceTree = "<group>"; };
		5DBDD34915B83A7F001287AB /* Brisbane.gpx */ = {isa = PBXFileReference; fileEncoding = 4; lastKnownFileType = text.xml; path = Brisbane.gpx; sourceTree = "<group>"; };
		5DCFB37215611AED0036B36A /* ProximityCenter.h */ = {isa = PBXFileReference; fileEncoding = 4; lastKnownFileType = sourcecode.c.h; path = ProximityCenter.h; sourceTree = "<group>"; };
		5DCFB37315611AED0036B36A /* ProximityCenter.m */ = {isa = PBXFileReference; fileEncoding = 4; lastKnownFileType = sourcecode.c.objc; path = ProximityCenter.m; sourceTree = "<group>"; };
		5DCFB37515611B070036B36A /* Proximity.h */ = {isa = PBXFileReference; fileEncoding = 4; lastKnownFileType = sourcecode.c.h; path = Proximity.h; sourceTree = "<group>"; };
		5DCFB37615611B070036B36A /* Proximity.m */ = {isa = PBXFileReference; fileEncoding = 4; lastKnownFileType = sourcecode.c.objc; path = Proximity.m; sourceTree = "<group>"; };
		5DD523FC1547FF7C00011A3E /* SQLiteDB.h */ = {isa = PBXFileReference; fileEncoding = 4; lastKnownFileType = sourcecode.c.h; path = SQLiteDB.h; sourceTree = "<group>"; };
		5DD523FD1547FF7C00011A3E /* SQLiteDB.m */ = {isa = PBXFileReference; fileEncoding = 4; lastKnownFileType = sourcecode.c.objc; path = SQLiteDB.m; sourceTree = "<group>"; };
		5DD52406154800BC00011A3E /* NextStop.sqlite */ = {isa = PBXFileReference; lastKnownFileType = file; path = NextStop.sqlite; sourceTree = "<group>"; };
		5DF2645015BAD5BF00FD2E6B /* NSObject+MKMapViewDelegate.h */ = {isa = PBXFileReference; fileEncoding = 4; lastKnownFileType = sourcecode.c.h; path = "NSObject+MKMapViewDelegate.h"; sourceTree = "<group>"; };
		5DF2645115BAD5BF00FD2E6B /* NSObject+MKMapViewDelegate.m */ = {isa = PBXFileReference; fileEncoding = 4; lastKnownFileType = sourcecode.c.objc; path = "NSObject+MKMapViewDelegate.m"; sourceTree = "<group>"; };
		5DF5F20515BB95E8006B0882 /* StopAnnotationView.h */ = {isa = PBXFileReference; fileEncoding = 4; lastKnownFileType = sourcecode.c.h; path = StopAnnotationView.h; sourceTree = "<group>"; };
		5DF5F20615BB95E8006B0882 /* StopAnnotationView.m */ = {isa = PBXFileReference; fileEncoding = 4; lastKnownFileType = sourcecode.c.objc; path = StopAnnotationView.m; sourceTree = "<group>"; };
/* End PBXFileReference section */

/* Begin PBXFrameworksBuildPhase section */
		5DB59C771546C8E500417818 /* Frameworks */ = {
			isa = PBXFrameworksBuildPhase;
			buildActionMask = 2147483647;
			files = (
				5D9AAB1915ADAFBE00E2E077 /* CoreData.framework in Frameworks */,
				5DB59C831546C8E500417818 /* CoreGraphics.framework in Frameworks */,
				5DB59CBC1546D21200417818 /* CoreLocation.framework in Frameworks */,
				5DB59C811546C8E500417818 /* Foundation.framework in Frameworks */,
				5DB59CB21546CA7B00417818 /* MapKit.framework in Frameworks */,
				5DB59C7F1546C8E500417818 /* UIKit.framework in Frameworks */,
				5DB59CE91547B5F500417818 /* libsqlite3.0.dylib in Frameworks */,
			);
			runOnlyForDeploymentPostprocessing = 0;
		};
		5DB59C911546C8E500417818 /* Frameworks */ = {
			isa = PBXFrameworksBuildPhase;
			buildActionMask = 2147483647;
			files = (
				5DB59C971546C8E500417818 /* SenTestingKit.framework in Frameworks */,
				5DB59C981546C8E500417818 /* UIKit.framework in Frameworks */,
				5DB59C991546C8E500417818 /* Foundation.framework in Frameworks */,
			);
			runOnlyForDeploymentPostprocessing = 0;
		};
/* End PBXFrameworksBuildPhase section */

/* Begin PBXGroup section */
		5D47CC0A15C7FDD8009ACE61 /* Models */ = {
			isa = PBXGroup;
			children = (
				5D6EB68D15A99D2D007260F8 /* Managed Objects */,
				5D6EB68915A99C85007260F8 /* Records */,
			);
			name = Models;
			sourceTree = "<group>";
		};
		5D4CA1B415FE1C8700915A70 /* Libraries */ = {
			isa = PBXGroup;
			children = (
				5DA3A3D116045351003229B0 /* Haversin.h */,
				5DB9257D1600B0ED00AE27C3 /* ModalSearchDisplayController.h */,
				5DB9257E1600B0ED00AE27C3 /* ModalSearchDisplayController.m */,
				5D4CA1B615FE1CAB00915A70 /* RouteShowViewControllerItem.h */,
				5D4CA1B915FE276600915A70 /* RouteShowViewControllerItem.m */,
			);
			name = Libraries;
			sourceTree = "<group>";
		};
		5D6EB68915A99C85007260F8 /* Records */ = {
			isa = PBXGroup;
			children = (
				5D864ED915B55CD4007ADCA8 /* DirectionRecord.h */,
				5D864EDA15B55CD4007ADCA8 /* DirectionRecord.m */,
				5DA866A61556C25E00FB1ACF /* RouteRecord.h */,
				5DA866A71556C25E00FB1ACF /* RouteRecord.m */,
				5D05F314154ACA7F004E7773 /* StopRecord.h */,
				5D05F315154ACA7F004E7773 /* StopRecord.m */,
			);
			name = Records;
			sourceTree = "<group>";
		};
		5D6EB68A15A99CBC007260F8 /* Controllers */ = {
			isa = PBXGroup;
			children = (
				5DA512C015F1F45500EF91DC /* View Controllers */,
			);
			name = Controllers;
			sourceTree = "<group>";
		};
		5D6EB68B15A99CDB007260F8 /* Services */ = {
			isa = PBXGroup;
			children = (
				5D7D8A811568C5D0004DFB54 /* BackgroundNotifier.h */,
				5D7D8A821568C5D0004DFB54 /* BackgroundNotifier.m */,
				5D9AAB1415ADAE8C00E2E077 /* DataManager.h */,
				5D9AAB1515ADAE8C00E2E077 /* DataManager.m */,
				5DCFB37515611B070036B36A /* Proximity.h */,
				5DCFB37615611B070036B36A /* Proximity.m */,
				5DCFB37215611AED0036B36A /* ProximityCenter.h */,
				5DCFB37315611AED0036B36A /* ProximityCenter.m */,
				5DD523FC1547FF7C00011A3E /* SQLiteDB.h */,
				5DD523FD1547FF7C00011A3E /* SQLiteDB.m */,
			);
			name = Services;
			sourceTree = "<group>";
		};
		5D6EB68C15A99D0B007260F8 /* Extensions */ = {
			isa = PBXGroup;
			children = (
				5D1B5EE51605AA8500149AC0 /* NSArray+Random.h */,
				5D1B5EE61605AA8500149AC0 /* NSArray+Random.m */,
				5D54CDF815668DA1005D0170 /* NSObject+KVOSEL.h */,
				5D54CDF915668DA1005D0170 /* NSObject+KVOSEL.m */,
				5DF2645015BAD5BF00FD2E6B /* NSObject+MKMapViewDelegate.h */,
				5DF2645115BAD5BF00FD2E6B /* NSObject+MKMapViewDelegate.m */,
			);
			name = Extensions;
			sourceTree = "<group>";
		};
		5D6EB68D15A99D2D007260F8 /* Managed Objects */ = {
			isa = PBXGroup;
			children = (
				5DA3A3BB16043DD0003229B0 /* DestinationManagedObject.h */,
				5DA3A3BC16043DD0003229B0 /* DestinationManagedObject.m */,
				5D864EDC15B564C9007ADCA8 /* DirectionManagedObject.h */,
				5D864EDD15B564C9007ADCA8 /* DirectionManagedObject.m */,
				5D05CD0015A59E1F0011A165 /* RouteManagedObject.h */,
				5D05CD0115A59E1F0011A165 /* RouteManagedObject.m */,
			);
			name = "Managed Objects";
			sourceTree = "<group>";
		};
		5DA512C015F1F45500EF91DC /* View Controllers */ = {
			isa = PBXGroup;
			children = (
				5DA37E8D15EA262D0090FDB0 /* DirectionShowViewController.h */,
				5DA37E8E15EA262D0090FDB0 /* DirectionShowViewController.m */,
				5D2BFDB91547F3B400D9F53E /* RouteIndexViewController.h */,
				5D2BFDBA1547F3B400D9F53E /* RouteIndexViewController.m */,
				5D5CA6421604DAF10006D433 /* RouteNewViewController.h */,
				5D5CA6431604DAF10006D433 /* RouteNewViewController.m */,
				5DA37E8915EA25ED0090FDB0 /* RouteShowViewController.h */,
				5DA37E8A15EA25ED0090FDB0 /* RouteShowViewController.m */,
			);
			name = "View Controllers";
			sourceTree = "<group>";
		};
		5DB59C6F1546C8E500417818 = {
			isa = PBXGroup;
			children = (
				5DB59C841546C8E500417818 /* NextStop */,
				5DB59C9C1546C8E500417818 /* NextStopTests */,
				5DB59C7D1546C8E500417818 /* Frameworks */,
				5DB59C7B1546C8E500417818 /* Products */,
			);
			sourceTree = "<group>";
		};
		5DB59C7B1546C8E500417818 /* Products */ = {
			isa = PBXGroup;
			children = (
				5DB59C7A1546C8E500417818 /* NextStop.app */,
				5DB59C951546C8E500417818 /* NextStopTests.octest */,
			);
			name = Products;
			sourceTree = "<group>";
		};
		5DB59C7D1546C8E500417818 /* Frameworks */ = {
			isa = PBXGroup;
			children = (
				5D9AAB1815ADAFBE00E2E077 /* CoreData.framework */,
				5DB59C821546C8E500417818 /* CoreGraphics.framework */,
				5DB59CBB1546D21200417818 /* CoreLocation.framework */,
				5DB59C801546C8E500417818 /* Foundation.framework */,
				5DB59CB11546CA7B00417818 /* MapKit.framework */,
				5DB59C961546C8E500417818 /* SenTestingKit.framework */,
				5DB59C7E1546C8E500417818 /* UIKit.framework */,
				5DB59CE81547B5F500417818 /* libsqlite3.0.dylib */,
			);
			name = Frameworks;
			sourceTree = "<group>";
		};
		5DB59C841546C8E500417818 /* NextStop */ = {
			isa = PBXGroup;
			children = (
				5D6EB68A15A99CBC007260F8 /* Controllers */,
				5D6EB68C15A99D0B007260F8 /* Extensions */,
				5D4CA1B415FE1C8700915A70 /* Libraries */,
				5D47CC0A15C7FDD8009ACE61 /* Models */,
				5D6EB68B15A99CDB007260F8 /* Services */,
				5DF5F20415BB95C7006B0882 /* Views */,
				5DB59C8D1546C8E500417818 /* AppDelegate.h */,
				5DB59C8E1546C8E500417818 /* AppDelegate.m */,
				5D4CB11A15F31DD00059784A /* Strings.h */,
				5D4CB11B15F31DD00059784A /* Strings.m */,
				5DD524051548007600011A3E /* Resources */,
				5DB59C851546C8E500417818 /* Supporting Files */,
			);
			path = NextStop;
			sourceTree = "<group>";
		};
		5DB59C851546C8E500417818 /* Supporting Files */ = {
			isa = PBXGroup;
			children = (
				5DB59C861546C8E500417818 /* NextStop-Info.plist */,
				5DB59C871546C8E500417818 /* InfoPlist.strings */,
				5DB59C8A1546C8E500417818 /* main.m */,
				5DB59C8C1546C8E500417818 /* NextStop-Prefix.pch */,
				5DA15B21154ED00800FCEE13 /* Localizable.strings */,
				5DBDD34915B83A7F001287AB /* Brisbane.gpx */,
				5DBDD34615B83A74001287AB /* Indooroopilly.gpx */,
				5DB0AE0E1578C83E00D43B2E /* Taringa.gpx */,
				5DB0AE0F1578C83E00D43B2E /* Toowoong.gpx */,
			);
			name = "Supporting Files";
			sourceTree = "<group>";
		};
		5DB59C9C1546C8E500417818 /* NextStopTests */ = {
			isa = PBXGroup;
			children = (
				5DB59C9D1546C8E500417818 /* Supporting Files */,
			);
			path = NextStopTests;
			sourceTree = "<group>";
		};
		5DB59C9D1546C8E500417818 /* Supporting Files */ = {
			isa = PBXGroup;
			children = (
				5DB59C9E1546C8E500417818 /* NextStopTests-Info.plist */,
				5DB59C9F1546C8E500417818 /* InfoPlist.strings */,
			);
			name = "Supporting Files";
			sourceTree = "<group>";
		};
		5DD524051548007600011A3E /* Resources */ = {
			isa = PBXGroup;
			children = (
				5DD52406154800BC00011A3E /* NextStop.sqlite */,
				5D9AAB1A15ADB11600E2E077 /* NextStop.xcdatamodeld */,
				5D5CA6541605A04B0006D433 /* BusGray.png */,
				5D5CA6551605A04B0006D433 /* BusGray@2x.png */,
				5D5CA6561605A04B0006D433 /* BusGreen.png */,
				5D5CA6571605A04B0006D433 /* BusGreen@2x.png */,
				5D5CA65C1605A16B0006D433 /* BusWhite.png */,
				5D5CA65D1605A16B0006D433 /* BusWhite@2x.png */,
				5D1B5F1A1605BA8800149AC0 /* Default.png */,
				5D1B5F1B1605BA8800149AC0 /* Default@2x.png */,
				5D4CB10915F31B640059784A /* Icon.png */,
				5D4CB10A15F31B640059784A /* Icon@2x.png */,
				5DAA1EFC15EF93D000BB3A71 /* RouteCell.xib */,
				5DA512B115F1E5F600EF91DC /* RouteRecordCell.xib */,
				5D17FB241605F44100D77A9B /* SearchBarBackground.png */,
				5D17FB251605F44100D77A9B /* SearchBarBackground@2x.png */,
			);
			name = Resources;
			sourceTree = "<group>";
		};
		5DF5F20415BB95C7006B0882 /* Views */ = {
			isa = PBXGroup;
			children = (
				5DA3A3BE16043F13003229B0 /* DestinationAnnotationView.h */,
				5DA3A3BF16043F13003229B0 /* DestinationAnnotationView.m */,
				5DAA1EFF15EF94FB00BB3A71 /* RouteCell.h */,
				5DAA1F0015EF94FB00BB3A71 /* RouteCell.m */,
				5DA512B415F1E62A00EF91DC /* RouteRecordCell.h */,
				5DA512B515F1E62A00EF91DC /* RouteRecordCell.m */,
				5DF5F20515BB95E8006B0882 /* StopAnnotationView.h */,
				5DF5F20615BB95E8006B0882 /* StopAnnotationView.m */,
			);
			name = Views;
			sourceTree = "<group>";
		};
/* End PBXGroup section */

/* Begin PBXNativeTarget section */
		5DB59C791546C8E500417818 /* NextStop */ = {
			isa = PBXNativeTarget;
			buildConfigurationList = 5DB59CA71546C8E500417818 /* Build configuration list for PBXNativeTarget "NextStop" */;
			buildPhases = (
				5DB59C761546C8E500417818 /* Sources */,
				5DB59C771546C8E500417818 /* Frameworks */,
				5DB59C781546C8E500417818 /* Resources */,
			);
			buildRules = (
			);
			dependencies = (
			);
			name = NextStop;
			productName = NextStop;
			productReference = 5DB59C7A1546C8E500417818 /* NextStop.app */;
			productType = "com.apple.product-type.application";
		};
		5DB59C941546C8E500417818 /* NextStopTests */ = {
			isa = PBXNativeTarget;
			buildConfigurationList = 5DB59CAA1546C8E500417818 /* Build configuration list for PBXNativeTarget "NextStopTests" */;
			buildPhases = (
				5DB59C901546C8E500417818 /* Sources */,
				5DB59C911546C8E500417818 /* Frameworks */,
				5DB59C921546C8E500417818 /* Resources */,
				5DB59C931546C8E500417818 /* ShellScript */,
			);
			buildRules = (
			);
			dependencies = (
				5DB59C9B1546C8E500417818 /* PBXTargetDependency */,
			);
			name = NextStopTests;
			productName = NextStopTests;
			productReference = 5DB59C951546C8E500417818 /* NextStopTests.octest */;
			productType = "com.apple.product-type.bundle";
		};
/* End PBXNativeTarget section */

/* Begin PBXProject section */
		5DB59C711546C8E500417818 /* Project object */ = {
			isa = PBXProject;
			attributes = {
				LastUpgradeCheck = 0430;
			};
			buildConfigurationList = 5DB59C741546C8E500417818 /* Build configuration list for PBXProject "NextStop" */;
			compatibilityVersion = "Xcode 3.2";
			developmentRegion = English;
			hasScannedForEncodings = 0;
			knownRegions = (
				en,
			);
			mainGroup = 5DB59C6F1546C8E500417818;
			productRefGroup = 5DB59C7B1546C8E500417818 /* Products */;
			projectDirPath = "";
			projectRoot = "";
			targets = (
				5DB59C791546C8E500417818 /* NextStop */,
				5DB59C941546C8E500417818 /* NextStopTests */,
			);
		};
/* End PBXProject section */

/* Begin PBXResourcesBuildPhase section */
		5DB59C781546C8E500417818 /* Resources */ = {
			isa = PBXResourcesBuildPhase;
			buildActionMask = 2147483647;
			files = (
				5DB59C891546C8E500417818 /* InfoPlist.strings in Resources */,
				5DD52407154800BC00011A3E /* NextStop.sqlite in Resources */,
				5DA15B22154ED00800FCEE13 /* Localizable.strings in Resources */,
				5DB0AE101578C83E00D43B2E /* Taringa.gpx in Resources */,
				5DB0AE111578C83E00D43B2E /* Toowoong.gpx in Resources */,
				5DBDD34715B83A74001287AB /* Indooroopilly.gpx in Resources */,
				5DBDD34A15B83A7F001287AB /* Brisbane.gpx in Resources */,
				5DAA1EFD15EF93D000BB3A71 /* RouteCell.xib in Resources */,
				5DA512B215F1E5F600EF91DC /* RouteRecordCell.xib in Resources */,
				5D4CB10B15F31B640059784A /* Icon.png in Resources */,
				5D4CB10C15F31B640059784A /* Icon@2x.png in Resources */,
				5D5CA6581605A04B0006D433 /* BusGray.png in Resources */,
				5D5CA6591605A04B0006D433 /* BusGray@2x.png in Resources */,
				5D5CA65A1605A04B0006D433 /* BusGreen.png in Resources */,
				5D5CA65B1605A04B0006D433 /* BusGreen@2x.png in Resources */,
				5D5CA65E1605A16B0006D433 /* BusWhite.png in Resources */,
				5D5CA65F1605A16B0006D433 /* BusWhite@2x.png in Resources */,
				5D1B5F1C1605BA8800149AC0 /* Default.png in Resources */,
				5D1B5F1D1605BA8800149AC0 /* Default@2x.png in Resources */,
				5D17FB261605F44100D77A9B /* SearchBarBackground.png in Resources */,
				5D17FB271605F44100D77A9B /* SearchBarBackground@2x.png in Resources */,
			);
			runOnlyForDeploymentPostprocessing = 0;
		};
		5DB59C921546C8E500417818 /* Resources */ = {
			isa = PBXResourcesBuildPhase;
			buildActionMask = 2147483647;
			files = (
				5DB59CA11546C8E500417818 /* InfoPlist.strings in Resources */,
			);
			runOnlyForDeploymentPostprocessing = 0;
		};
/* End PBXResourcesBuildPhase section */

/* Begin PBXShellScriptBuildPhase section */
		5DB59C931546C8E500417818 /* ShellScript */ = {
			isa = PBXShellScriptBuildPhase;
			buildActionMask = 2147483647;
			files = (
			);
			inputPaths = (
			);
			outputPaths = (
			);
			runOnlyForDeploymentPostprocessing = 0;
			shellPath = /bin/sh;
			shellScript = "# Run the unit tests in this test bundle.\n\"${SYSTEM_DEVELOPER_DIR}/Tools/RunUnitTests\"\n";
		};
/* End PBXShellScriptBuildPhase section */

/* Begin PBXSourcesBuildPhase section */
		5DB59C761546C8E500417818 /* Sources */ = {
			isa = PBXSourcesBuildPhase;
			buildActionMask = 2147483647;
			files = (
				5DB59C8B1546C8E500417818 /* main.m in Sources */,
				5DB59C8F1546C8E500417818 /* AppDelegate.m in Sources */,
				5D2BFDBB1547F3B400D9F53E /* RouteIndexViewController.m in Sources */,
				5DD523FE1547FF7C00011A3E /* SQLiteDB.m in Sources */,
				5D05F316154ACA7F004E7773 /* StopRecord.m in Sources */,
				5DA866A81556C25E00FB1ACF /* RouteRecord.m in Sources */,
				5DCFB37415611AED0036B36A /* ProximityCenter.m in Sources */,
				5DCFB37715611B070036B36A /* Proximity.m in Sources */,
				5D54CDFA15668DA1005D0170 /* NSObject+KVOSEL.m in Sources */,
				5D7D8A831568C5D0004DFB54 /* BackgroundNotifier.m in Sources */,
				5D05CD0215A59E1F0011A165 /* RouteManagedObject.m in Sources */,
				5D9AAB1615ADAE8C00E2E077 /* DataManager.m in Sources */,
				5D9AAB1C15ADB11600E2E077 /* NextStop.xcdatamodeld in Sources */,
				5D864EDB15B55CD4007ADCA8 /* DirectionRecord.m in Sources */,
				5D864EDE15B564C9007ADCA8 /* DirectionManagedObject.m in Sources */,
				5DF2645215BAD5BF00FD2E6B /* NSObject+MKMapViewDelegate.m in Sources */,
				5DF5F20715BB95E8006B0882 /* StopAnnotationView.m in Sources */,
				5DA37E8B15EA25ED0090FDB0 /* RouteShowViewController.m in Sources */,
				5DA37E8F15EA262D0090FDB0 /* DirectionShowViewController.m in Sources */,
				5DAA1F0115EF94FB00BB3A71 /* RouteCell.m in Sources */,
				5DA512B615F1E62A00EF91DC /* RouteRecordCell.m in Sources */,
				5D4CB11C15F31DD00059784A /* Strings.m in Sources */,
				5D4CA1BA15FE276600915A70 /* RouteShowViewControllerItem.m in Sources */,
				5DB9257F1600B0EE00AE27C3 /* ModalSearchDisplayController.m in Sources */,
				5DA3A3BD16043DD0003229B0 /* DestinationManagedObject.m in Sources */,
				5DA3A3C016043F13003229B0 /* DestinationAnnotationView.m in Sources */,
				5D5CA6441604DAF10006D433 /* RouteNewViewController.m in Sources */,
				5D1B5EE71605AA8500149AC0 /* NSArray+Random.m in Sources */,
			);
			runOnlyForDeploymentPostprocessing = 0;
		};
		5DB59C901546C8E500417818 /* Sources */ = {
			isa = PBXSourcesBuildPhase;
			buildActionMask = 2147483647;
			files = (
				5D2BFDBC1547F3B400D9F53E /* RouteIndexViewController.m in Sources */,
				5DD523FF1547FF7C00011A3E /* SQLiteDB.m in Sources */,
				5D05F317154ACA7F004E7773 /* StopRecord.m in Sources */,
				5DA866A91556C25E00FB1ACF /* RouteRecord.m in Sources */,
			);
			runOnlyForDeploymentPostprocessing = 0;
		};
/* End PBXSourcesBuildPhase section */

/* Begin PBXTargetDependency section */
		5DB59C9B1546C8E500417818 /* PBXTargetDependency */ = {
			isa = PBXTargetDependency;
			target = 5DB59C791546C8E500417818 /* NextStop */;
			targetProxy = 5DB59C9A1546C8E500417818 /* PBXContainerItemProxy */;
		};
/* End PBXTargetDependency section */

/* Begin PBXVariantGroup section */
		5DB59C871546C8E500417818 /* InfoPlist.strings */ = {
			isa = PBXVariantGroup;
			children = (
				5DB59C881546C8E500417818 /* en */,
			);
			name = InfoPlist.strings;
			sourceTree = "<group>";
		};
		5DB59C9F1546C8E500417818 /* InfoPlist.strings */ = {
			isa = PBXVariantGroup;
			children = (
				5DB59CA01546C8E500417818 /* en */,
			);
			name = InfoPlist.strings;
			sourceTree = "<group>";
		};
/* End PBXVariantGroup section */

/* Begin XCBuildConfiguration section */
		5DB59CA51546C8E500417818 /* Debug */ = {
			isa = XCBuildConfiguration;
			buildSettings = {
				ALWAYS_SEARCH_USER_PATHS = NO;
				ARCHS = "$(ARCHS_STANDARD_32_BIT)";
				CLANG_ENABLE_OBJC_ARC = YES;
				"CODE_SIGN_IDENTITY[sdk=iphoneos*]" = "iPhone Developer";
				COPY_PHASE_STRIP = NO;
				GCC_C_LANGUAGE_STANDARD = gnu99;
				GCC_DYNAMIC_NO_PIC = NO;
				GCC_OPTIMIZATION_LEVEL = 0;
				GCC_PREPROCESSOR_DEFINITIONS = (
					"DEBUG=1",
					"$(inherited)",
				);
				GCC_SYMBOLS_PRIVATE_EXTERN = NO;
				GCC_VERSION = com.apple.compilers.llvm.clang.1_0;
				GCC_WARN_ABOUT_RETURN_TYPE = YES;
				GCC_WARN_UNINITIALIZED_AUTOS = YES;
				GCC_WARN_UNUSED_VARIABLE = YES;
				IPHONEOS_DEPLOYMENT_TARGET = 5.1;
				SDKROOT = iphoneos;
			};
			name = Debug;
		};
		5DB59CA61546C8E500417818 /* Release */ = {
			isa = XCBuildConfiguration;
			buildSettings = {
				ALWAYS_SEARCH_USER_PATHS = NO;
				ARCHS = "$(ARCHS_STANDARD_32_BIT)";
				CLANG_ENABLE_OBJC_ARC = YES;
				"CODE_SIGN_IDENTITY[sdk=iphoneos*]" = "iPhone Developer";
				COPY_PHASE_STRIP = YES;
				GCC_C_LANGUAGE_STANDARD = gnu99;
				GCC_VERSION = com.apple.compilers.llvm.clang.1_0;
				GCC_WARN_ABOUT_RETURN_TYPE = YES;
				GCC_WARN_UNINITIALIZED_AUTOS = YES;
				GCC_WARN_UNUSED_VARIABLE = YES;
				IPHONEOS_DEPLOYMENT_TARGET = 5.1;
				OTHER_CFLAGS = "-DNS_BLOCK_ASSERTIONS=1";
				SDKROOT = iphoneos;
				VALIDATE_PRODUCT = YES;
			};
			name = Release;
		};
		5DB59CA81546C8E500417818 /* Debug */ = {
			isa = XCBuildConfiguration;
			buildSettings = {
				GCC_PRECOMPILE_PREFIX_HEADER = YES;
				GCC_PREFIX_HEADER = "NextStop/NextStop-Prefix.pch";
				INFOPLIST_FILE = "NextStop/NextStop-Info.plist";
				PRODUCT_NAME = "$(TARGET_NAME)";
				WRAPPER_EXTENSION = app;
			};
			name = Debug;
		};
		5DB59CA91546C8E500417818 /* Release */ = {
			isa = XCBuildConfiguration;
			buildSettings = {
				"CODE_SIGN_IDENTITY[sdk=iphoneos*]" = "iPhone Distribution";
				GCC_PRECOMPILE_PREFIX_HEADER = YES;
				GCC_PREFIX_HEADER = "NextStop/NextStop-Prefix.pch";
				INFOPLIST_FILE = "NextStop/NextStop-Info.plist";
				PRODUCT_NAME = "$(TARGET_NAME)";
				"PROVISIONING_PROFILE[sdk=iphoneos*]" = "";
				WRAPPER_EXTENSION = app;
			};
			name = Release;
		};
		5DB59CAB1546C8E500417818 /* Debug */ = {
			isa = XCBuildConfiguration;
			buildSettings = {
				BUNDLE_LOADER = "$(BUILT_PRODUCTS_DIR)/NextStop.app/NextStop";
				FRAMEWORK_SEARCH_PATHS = (
					"$(SDKROOT)/Developer/Library/Frameworks",
					"$(DEVELOPER_LIBRARY_DIR)/Frameworks",
				);
				GCC_PRECOMPILE_PREFIX_HEADER = YES;
				GCC_PREFIX_HEADER = "NextStop/NextStop-Prefix.pch";
				INFOPLIST_FILE = "NextStopTests/NextStopTests-Info.plist";
				PRODUCT_NAME = "$(TARGET_NAME)";
				TEST_HOST = "$(BUNDLE_LOADER)";
				WRAPPER_EXTENSION = octest;
			};
			name = Debug;
		};
		5DB59CAC1546C8E500417818 /* Release */ = {
			isa = XCBuildConfiguration;
			buildSettings = {
				BUNDLE_LOADER = "$(BUILT_PRODUCTS_DIR)/NextStop.app/NextStop";
				FRAMEWORK_SEARCH_PATHS = (
					"$(SDKROOT)/Developer/Library/Frameworks",
					"$(DEVELOPER_LIBRARY_DIR)/Frameworks",
				);
				GCC_PRECOMPILE_PREFIX_HEADER = YES;
				GCC_PREFIX_HEADER = "NextStop/NextStop-Prefix.pch";
				INFOPLIST_FILE = "NextStopTests/NextStopTests-Info.plist";
				PRODUCT_NAME = "$(TARGET_NAME)";
				TEST_HOST = "$(BUNDLE_LOADER)";
				WRAPPER_EXTENSION = octest;
			};
			name = Release;
		};
/* End XCBuildConfiguration section */

/* Begin XCConfigurationList section */
		5DB59C741546C8E500417818 /* Build configuration list for PBXProject "NextStop" */ = {
			isa = XCConfigurationList;
			buildConfigurations = (
				5DB59CA51546C8E500417818 /* Debug */,
				5DB59CA61546C8E500417818 /* Release */,
			);
			defaultConfigurationIsVisible = 0;
			defaultConfigurationName = Release;
		};
		5DB59CA71546C8E500417818 /* Build configuration list for PBXNativeTarget "NextStop" */ = {
			isa = XCConfigurationList;
			buildConfigurations = (
				5DB59CA81546C8E500417818 /* Debug */,
				5DB59CA91546C8E500417818 /* Release */,
			);
			defaultConfigurationIsVisible = 0;
			defaultConfigurationName = Release;
		};
		5DB59CAA1546C8E500417818 /* Build configuration list for PBXNativeTarget "NextStopTests" */ = {
			isa = XCConfigurationList;
			buildConfigurations = (
				5DB59CAB1546C8E500417818 /* Debug */,
				5DB59CAC1546C8E500417818 /* Release */,
			);
			defaultConfigurationIsVisible = 0;
			defaultConfigurationName = Release;
		};
/* End XCConfigurationList section */

/* Begin XCVersionGroup section */
		5D9AAB1A15ADB11600E2E077 /* NextStop.xcdatamodeld */ = {
			isa = XCVersionGroup;
			children = (
				5D9AAB1B15ADB11600E2E077 /* NextStop.xcdatamodel */,
			);
			currentVersion = 5D9AAB1B15ADB11600E2E077 /* NextStop.xcdatamodel */;
			path = NextStop.xcdatamodeld;
			sourceTree = "<group>";
			versionGroupType = wrapper.xcdatamodel;
		};
/* End XCVersionGroup section */
	};
	rootObject = 5DB59C711546C8E500417818 /* Project object */;
}
